
Microsoft Visual Studio Solution File, Format Version 12.00
# Visual Studio Version 17
VisualStudioVersion = 17.0.32112.339
MinimumVisualStudioVersion = 10.0.40219.1
Project("{FAE04EC0-301F-11D3-BF4B-00C04F79EFBC}") = "GenericsHomework", "GenericsHomework\GenericsHomework.csproj", "{F8BDAC96-0B38-4549-A20B-C2B7B19A9491}"
EndProject
Project("{FAE04EC0-301F-11D3-BF4B-00C04F79EFBC}") = "GenericsHomework.Tests", "GenericsHomework.Tests\GenericsHomework.Tests.csproj", "{C8CE7337-1FD1-40AE-A1DB-F20760444E01}"
EndProject
Global
	GlobalSection(SolutionConfigurationPlatforms) = preSolution
		Debug|Any CPU = Debug|Any CPU
		Release|Any CPU = Release|Any CPU
	EndGlobalSection
	GlobalSection(ProjectConfigurationPlatforms) = postSolution
		{F8BDAC96-0B38-4549-A20B-C2B7B19A9491}.Debug|Any CPU.ActiveCfg = Debug|Any CPU
		{F8BDAC96-0B38-4549-A20B-C2B7B19A9491}.Debug|Any CPU.Build.0 = Debug|Any CPU
		{F8BDAC96-0B38-4549-A20B-C2B7B19A9491}.Release|Any CPU.ActiveCfg = Release|Any CPU
		{F8BDAC96-0B38-4549-A20B-C2B7B19A9491}.Release|Any CPU.Build.0 = Release|Any CPU
		{C8CE7337-1FD1-40AE-A1DB-F20760444E01}.Debug|Any CPU.ActiveCfg = Debug|Any CPU
		{C8CE7337-1FD1-40AE-A1DB-F20760444E01}.Debug|Any CPU.Build.0 = Debug|Any CPU
		{C8CE7337-1FD1-40AE-A1DB-F20760444E01}.Release|Any CPU.ActiveCfg = Release|Any CPU
		{C8CE7337-1FD1-40AE-A1DB-F20760444E01}.Release|Any CPU.Build.0 = Release|Any CPU
	EndGlobalSection
	GlobalSection(SolutionProperties) = preSolution
		HideSolutionNode = FALSE
	EndGlobalSection
	GlobalSection(ExtensibilityGlobals) = postSolution
		SolutionGuid = {BEF10B65-909B-4CA5-86FC-A4E7F98AD51A}
	EndGlobalSection
EndGlobal
